# This file was autogenerated by Stack.
# You should not edit this file by hand.
# For more information, please see the documentation at:
#   https://docs.haskellstack.org/en/stable/lock_files

packages:
- completed:
    size: 51938
    url: https://github.com/snoyberg/hit/archive/458392b74a5a7b3b6a7645821e6ba884baa37e50.tar.gz
    name: hit
    version: 0.6.3
    sha256: 96e19043c28337ccea722afac26aca5ed6d9a9b617e1596c1891f7bb5fd14840
    pantry-tree:
      size: 2098
      sha256: c857f74cdcbbc39a8ee33aee31d11cd02afcdc7e6343dc7bbe516963cb8382f5
  original:
    url: https://github.com/snoyberg/hit/archive/458392b74a5a7b3b6a7645821e6ba884baa37e50.tar.gz
- completed:
    hackage: patience-0.3@sha256:fe3a2c5b1ac4d3425bad3d1ee0b6bb529b6e74ab41151f8526f26fc8dfa1206b,1252
    pantry-tree:
      size: 368
      sha256: d2ca47451a599605c641b7c353588d7e1ba3d6036c8a52040b7d1b5b1af8959b
  original:
    hackage: patience-0.3@sha256:fe3a2c5b1ac4d3425bad3d1ee0b6bb529b6e74ab41151f8526f26fc8dfa1206b,1252
snapshots:
- completed:
    size: 491387
    url: https://raw.githubusercontent.com/commercialhaskell/stackage-snapshots/master/lts/15/6.yaml
    sha256: 8d81505a6de861e167a58534ab62330afb75bfa108735c7db1204f7ef2a39d79
  original: lts-15.6
